
Microsoft Visual Studio Solution File, Format Version 12.00
# Visual Studio Version 17
VisualStudioVersion = 17.13.35825.156 d17.13
MinimumVisualStudioVersion = 10.0.40219.1
Project("{FAE04EC0-301F-11D3-BF4B-00C04F79EFBC}") = "StockApi", "StockApi\StockApi.csproj", "{AD878A89-C02D-4D7C-9D97-BA3E8E94B49D}"
EndProject
Project("{FAE04EC0-301F-11D3-BF4B-00C04F79EFBC}") = "StockApi.Tests", "StockApi.Tests\StockApi.Tests.csproj", "{28ECFF39-A3DE-4929-AD3F-089E91EB94E5}"
EndProject
Global
	GlobalSection(SolutionConfigurationPlatforms) = preSolution
		Debug|Any CPU = Debug|Any CPU
		Release|Any CPU = Release|Any CPU
	EndGlobalSection
	GlobalSection(ProjectConfigurationPlatforms) = postSolution
		{AD878A89-C02D-4D7C-9D97-BA3E8E94B49D}.Debug|Any CPU.ActiveCfg = Debug|Any CPU
		{AD878A89-C02D-4D7C-9D97-BA3E8E94B49D}.Debug|Any CPU.Build.0 = Debug|Any CPU
		{AD878A89-C02D-4D7C-9D97-BA3E8E94B49D}.Release|Any CPU.ActiveCfg = Release|Any CPU
		{AD878A89-C02D-4D7C-9D97-BA3E8E94B49D}.Release|Any CPU.Build.0 = Release|Any CPU
		{28ECFF39-A3DE-4929-AD3F-089E91EB94E5}.Debug|Any CPU.ActiveCfg = Debug|Any CPU
		{28ECFF39-A3DE-4929-AD3F-089E91EB94E5}.Debug|Any CPU.Build.0 = Debug|Any CPU
		{28ECFF39-A3DE-4929-AD3F-089E91EB94E5}.Release|Any CPU.ActiveCfg = Release|Any CPU
		{28ECFF39-A3DE-4929-AD3F-089E91EB94E5}.Release|Any CPU.Build.0 = Release|Any CPU
	EndGlobalSection
	GlobalSection(SolutionProperties) = preSolution
		HideSolutionNode = FALSE
	EndGlobalSection
	GlobalSection(ExtensibilityGlobals) = postSolution
		SolutionGuid = {A51DFEF9-267E-47E0-B8B3-A7CD73DE583B}
	EndGlobalSection
EndGlobal
